# This file is automatically @generated by Cargo.
# It is not intended for manual editing.
version = 4

[[package]]
name = "http_server"
version = "0.1.0"
dependencies = [
 "json",
]

[[package]]
name = "json"
version = "0.1.0"
source = "git+https://github.com/ddxtanx/rust-json#bccc184e20543a706e86966573429fd2f37fcae2"
